
Microsoft Visual Studio Solution File, Format Version 12.00
# Visual Studio Version 16
VisualStudioVersion = 16.0.30413.136
MinimumVisualStudioVersion = 10.0.40219.1
Project("{FAE04EC0-301F-11D3-BF4B-00C04F79EFBC}") = "Fitness.BL", "Fitness.BL\Fitness.BL.csproj", "{127F7ED3-A2F7-4D91-BEF6-2148B22630EB}"
EndProject
Project("{FAE04EC0-301F-11D3-BF4B-00C04F79EFBC}") = "Fitness.CMD", "Fitness.CMD\Fitness.CMD.csproj", "{72F0BB4A-CB81-403E-9B4A-8176BA5BE3EF}"
EndProject
Project("{FAE04EC0-301F-11D3-BF4B-00C04F79EFBC}") = "Fitness.BLTests", "Fitness.BLTests\Fitness.BLTests.csproj", "{B30ACD02-DF3D-488B-9A9F-42014E037C2F}"
EndProject
Global
	GlobalSection(SolutionConfigurationPlatforms) = preSolution
		Debug|Any CPU = Debug|Any CPU
		Release|Any CPU = Release|Any CPU
	EndGlobalSection
	GlobalSection(ProjectConfigurationPlatforms) = postSolution
		{127F7ED3-A2F7-4D91-BEF6-2148B22630EB}.Debug|Any CPU.ActiveCfg = Debug|Any CPU
		{127F7ED3-A2F7-4D91-BEF6-2148B22630EB}.Debug|Any CPU.Build.0 = Debug|Any CPU
		{127F7ED3-A2F7-4D91-BEF6-2148B22630EB}.Release|Any CPU.ActiveCfg = Release|Any CPU
		{127F7ED3-A2F7-4D91-BEF6-2148B22630EB}.Release|Any CPU.Build.0 = Release|Any CPU
		{72F0BB4A-CB81-403E-9B4A-8176BA5BE3EF}.Debug|Any CPU.ActiveCfg = Debug|Any CPU
		{72F0BB4A-CB81-403E-9B4A-8176BA5BE3EF}.Debug|Any CPU.Build.0 = Debug|Any CPU
		{72F0BB4A-CB81-403E-9B4A-8176BA5BE3EF}.Release|Any CPU.ActiveCfg = Release|Any CPU
		{72F0BB4A-CB81-403E-9B4A-8176BA5BE3EF}.Release|Any CPU.Build.0 = Release|Any CPU
		{B30ACD02-DF3D-488B-9A9F-42014E037C2F}.Debug|Any CPU.ActiveCfg = Debug|Any CPU
		{B30ACD02-DF3D-488B-9A9F-42014E037C2F}.Debug|Any CPU.Build.0 = Debug|Any CPU
		{B30ACD02-DF3D-488B-9A9F-42014E037C2F}.Release|Any CPU.ActiveCfg = Release|Any CPU
		{B30ACD02-DF3D-488B-9A9F-42014E037C2F}.Release|Any CPU.Build.0 = Release|Any CPU
	EndGlobalSection
	GlobalSection(SolutionProperties) = preSolution
		HideSolutionNode = FALSE
	EndGlobalSection
	GlobalSection(ExtensibilityGlobals) = postSolution
		SolutionGuid = {46BFDC0E-5C45-4DD9-AAF3-20EF335B1D58}
	EndGlobalSection
EndGlobal
